
Microsoft Visual Studio Solution File, Format Version 12.00
# Visual Studio Version 16
VisualStudioVersion = 16.0.28803.202
MinimumVisualStudioVersion = 10.0.40219.1
Project("{FAE04EC0-301F-11D3-BF4B-00C04F79EFBC}") = "FR61", "FR61\FR61.csproj", "{F76775BF-BA65-4719-A039-9B58CD42D239}"
	ProjectSection(ProjectDependencies) = postProject
		{78924C0D-7DA1-409D-B6B4-17C181DBA109} = {78924C0D-7DA1-409D-B6B4-17C181DBA109}
	EndProjectSection
EndProject
Project("{FAE04EC0-301F-11D3-BF4B-00C04F79EFBC}") = "FR59", "FR59\FR59.csproj", "{78924C0D-7DA1-409D-B6B4-17C181DBA109}"
EndProject
Project("{FAE04EC0-301F-11D3-BF4B-00C04F79EFBC}") = "FR99", "FR99\FR99.csproj", "{7A6FA210-38AB-448A-B121-B2F6DE5B41A9}"
EndProject
Global
	GlobalSection(SolutionConfigurationPlatforms) = preSolution
		Debug|Any CPU = Debug|Any CPU
		Debug|ARM = Debug|ARM
		Debug|x64 = Debug|x64
		Debug|x86 = Debug|x86
		Release|Any CPU = Release|Any CPU
		Release|ARM = Release|ARM
		Release|x64 = Release|x64
		Release|x86 = Release|x86
	EndGlobalSection
	GlobalSection(ProjectConfigurationPlatforms) = postSolution
		{F76775BF-BA65-4719-A039-9B58CD42D239}.Debug|Any CPU.ActiveCfg = Debug|Any CPU
		{F76775BF-BA65-4719-A039-9B58CD42D239}.Debug|Any CPU.Build.0 = Debug|Any CPU
		{F76775BF-BA65-4719-A039-9B58CD42D239}.Debug|ARM.ActiveCfg = Debug|Any CPU
		{F76775BF-BA65-4719-A039-9B58CD42D239}.Debug|ARM.Build.0 = Debug|Any CPU
		{F76775BF-BA65-4719-A039-9B58CD42D239}.Debug|x64.ActiveCfg = Debug|Any CPU
		{F76775BF-BA65-4719-A039-9B58CD42D239}.Debug|x64.Build.0 = Debug|Any CPU
		{F76775BF-BA65-4719-A039-9B58CD42D239}.Debug|x86.ActiveCfg = Debug|Any CPU
		{F76775BF-BA65-4719-A039-9B58CD42D239}.Debug|x86.Build.0 = Debug|Any CPU
		{F76775BF-BA65-4719-A039-9B58CD42D239}.Release|Any CPU.ActiveCfg = Release|Any CPU
		{F76775BF-BA65-4719-A039-9B58CD42D239}.Release|Any CPU.Build.0 = Release|Any CPU
		{F76775BF-BA65-4719-A039-9B58CD42D239}.Release|ARM.ActiveCfg = Release|Any CPU
		{F76775BF-BA65-4719-A039-9B58CD42D239}.Release|ARM.Build.0 = Release|Any CPU
		{F76775BF-BA65-4719-A039-9B58CD42D239}.Release|x64.ActiveCfg = Release|Any CPU
		{F76775BF-BA65-4719-A039-9B58CD42D239}.Release|x64.Build.0 = Release|Any CPU
		{F76775BF-BA65-4719-A039-9B58CD42D239}.Release|x86.ActiveCfg = Release|Any CPU
		{F76775BF-BA65-4719-A039-9B58CD42D239}.Release|x86.Build.0 = Release|Any CPU
		{78924C0D-7DA1-409D-B6B4-17C181DBA109}.Debug|Any CPU.ActiveCfg = Debug|Any CPU
		{78924C0D-7DA1-409D-B6B4-17C181DBA109}.Debug|Any CPU.Build.0 = Debug|Any CPU
		{78924C0D-7DA1-409D-B6B4-17C181DBA109}.Debug|ARM.ActiveCfg = Debug|Any CPU
		{78924C0D-7DA1-409D-B6B4-17C181DBA109}.Debug|ARM.Build.0 = Debug|Any CPU
		{78924C0D-7DA1-409D-B6B4-17C181DBA109}.Debug|x64.ActiveCfg = Debug|Any CPU
		{78924C0D-7DA1-409D-B6B4-17C181DBA109}.Debug|x64.Build.0 = Debug|Any CPU
		{78924C0D-7DA1-409D-B6B4-17C181DBA109}.Debug|x86.ActiveCfg = Debug|Any CPU
		{78924C0D-7DA1-409D-B6B4-17C181DBA109}.Debug|x86.Build.0 = Debug|Any CPU
		{78924C0D-7DA1-409D-B6B4-17C181DBA109}.Release|Any CPU.ActiveCfg = Release|Any CPU
		{78924C0D-7DA1-409D-B6B4-17C181DBA109}.Release|Any CPU.Build.0 = Release|Any CPU
		{78924C0D-7DA1-409D-B6B4-17C181DBA109}.Release|ARM.ActiveCfg = Release|Any CPU
		{78924C0D-7DA1-409D-B6B4-17C181DBA109}.Release|ARM.Build.0 = Release|Any CPU
		{78924C0D-7DA1-409D-B6B4-17C181DBA109}.Release|x64.ActiveCfg = Release|Any CPU
		{78924C0D-7DA1-409D-B6B4-17C181DBA109}.Release|x64.Build.0 = Release|Any CPU
		{78924C0D-7DA1-409D-B6B4-17C181DBA109}.Release|x86.ActiveCfg = Release|Any CPU
		{78924C0D-7DA1-409D-B6B4-17C181DBA109}.Release|x86.Build.0 = Release|Any CPU
		{7A6FA210-38AB-448A-B121-B2F6DE5B41A9}.Debug|Any CPU.ActiveCfg = Debug|Any CPU
		{7A6FA210-38AB-448A-B121-B2F6DE5B41A9}.Debug|Any CPU.Build.0 = Debug|Any CPU
		{7A6FA210-38AB-448A-B121-B2F6DE5B41A9}.Debug|ARM.ActiveCfg = Debug|Any CPU
		{7A6FA210-38AB-448A-B121-B2F6DE5B41A9}.Debug|ARM.Build.0 = Debug|Any CPU
		{7A6FA210-38AB-448A-B121-B2F6DE5B41A9}.Debug|x64.ActiveCfg = Debug|Any CPU
		{7A6FA210-38AB-448A-B121-B2F6DE5B41A9}.Debug|x64.Build.0 = Debug|Any CPU
		{7A6FA210-38AB-448A-B121-B2F6DE5B41A9}.Debug|x86.ActiveCfg = Debug|Any CPU
		{7A6FA210-38AB-448A-B121-B2F6DE5B41A9}.Debug|x86.Build.0 = Debug|Any CPU
		{7A6FA210-38AB-448A-B121-B2F6DE5B41A9}.Release|Any CPU.ActiveCfg = Release|Any CPU
		{7A6FA210-38AB-448A-B121-B2F6DE5B41A9}.Release|Any CPU.Build.0 = Release|Any CPU
		{7A6FA210-38AB-448A-B121-B2F6DE5B41A9}.Release|ARM.ActiveCfg = Release|Any CPU
		{7A6FA210-38AB-448A-B121-B2F6DE5B41A9}.Release|ARM.Build.0 = Release|Any CPU
		{7A6FA210-38AB-448A-B121-B2F6DE5B41A9}.Release|x64.ActiveCfg = Release|Any CPU
		{7A6FA210-38AB-448A-B121-B2F6DE5B41A9}.Release|x64.Build.0 = Release|Any CPU
		{7A6FA210-38AB-448A-B121-B2F6DE5B41A9}.Release|x86.ActiveCfg = Release|Any CPU
		{7A6FA210-38AB-448A-B121-B2F6DE5B41A9}.Release|x86.Build.0 = Release|Any CPU
	EndGlobalSection
	GlobalSection(SolutionProperties) = preSolution
		HideSolutionNode = FALSE
	EndGlobalSection
	GlobalSection(ExtensibilityGlobals) = postSolution
		SolutionGuid = {4D0E18A5-A9B7-4F9E-B499-49A77F250213}
	EndGlobalSection
EndGlobal
